{
  "nodes": {
    "nextjs-env": {
      "inputs": {
        "nixpkgs": [
          "nixpkgs"
        ]
      },
      "locked": {
        "narHash": "sha256-i90nLhaJmCj5bmiP+EhzdVrTFLjzOgUVkGc+ZHbnfdM=",
        "rev": "ff462d5b27eaa17ce5e0807ac2b52e870483ec5f",
        "revCount": 38,
        "type": "tarball",
        "url": "https://api.flakehub.com/f/pinned/GetPsyched/nextjs-env/0.4.0/018af95d-64b1-7041-88b9-7e690efd6197/source.tar.gz"
      },
      "original": {
        "type": "tarball",
        "url": "https://flakehub.com/f/GetPsyched/nextjs-env/0.x.x.tar.gz"
      }
    },
    "nixpkgs": {
      "locked": {
        "lastModified": 1695644571,
        "narHash": "sha256-asS9dCCdlt1lPq0DLwkVBbVoEKuEuz+Zi3DG7pR/RxA=",
        "path": "/nix/store/i6hq63805y784dml4j8pgkrz3lryxzld-source",
        "rev": "6500b4580c2a1f3d0f980d32d285739d8e156d92",
        "type": "path"
      },
      "original": {
        "id": "nixpkgs",
        "type": "indirect"
      }
    },
    "root": {
      "inputs": {
        "nextjs-env": "nextjs-env",
        "nixpkgs": "nixpkgs"
      }
    }
  },
  "root": "root",
  "version": 7
}
